<?xml version="1.0" encoding="utf-8"?>
<Project ToolsVersion="4.0" xmlns="http://schemas.microsoft.com/developer/msbuild/2003">
  <ItemGroup>
    <Filter Include="Source Files">
      <UniqueIdentifier>{4FC737F1-C7A5-4376-A066-2A32D752A2FF}</UniqueIdentifier>
      <Extensions>cpp;c;cc;cxx;c++;cppm;ixx;def;odl;idl;hpj;bat;asm;asmx</Extensions>
    </Filter>
    <Filter Include="Header Files">
      <UniqueIdentifier>{93995380-89BD-4b04-88EB-625FBE52EBFB}</UniqueIdentifier>
      <Extensions>h;hh;hpp;hxx;h++;hm;inl;inc;ipp;xsd</Extensions>
    </Filter>
    <Filter Include="Resource Files">
      <UniqueIdentifier>{67DA6AB6-F800-4c08-8B7A-83BB121AAD01}</UniqueIdentifier>
      <Extensions>rc;ico;cur;bmp;dlg;rc2;rct;bin;rgs;gif;jpg;jpeg;jpe;resx;tiff;tif;png;wav;mfcribbon-ms</Extensions>
    </Filter>
    <Filter Include="Entities">
      <UniqueIdentifier>{7f566169-7e3a-4ac2-8364-922b2637f2bf}</UniqueIdentifier>
    </Filter>
    <Filter Include="Entities\Characters">
      <UniqueIdentifier>{4afe2d83-84f3-49d0-a035-a4031f75fa85}</UniqueIdentifier>
    </Filter>
    <Filter Include="Entities\LevelElements">
      <UniqueIdentifier>{56471c8e-f233-41c6-af3e-43821bccc2cb}</UniqueIdentifier>
    </Filter>
    <Filter Include="ScreenStates">
      <UniqueIdentifier>{53da23a1-5b35-48ed-b234-b456171c8448}</UniqueIdentifier>
    </Filter>
    <Filter Include="GUI">
      <UniqueIdentifier>{c492eef7-da6b-41a0-a6b8-8525e11e3578}</UniqueIdentifier>
    </Filter>
  </ItemGroup>
  <ItemGroup>
    <ClCompile Include="main.cpp">
      <Filter>Source Files</Filter>
    </ClCompile>
    <ClCompile Include="Game.cpp">
      <Filter>Source Files</Filter>
    </ClCompile>
    <ClCompile Include="stdafx.cpp">
      <Filter>Header Files</Filter>
    </ClCompile>
    <ClCompile Include="AnimationPlayer.cpp">
      <Filter>Source Files</Filter>
    </ClCompile>
    <ClCompile Include="Player.cpp">
      <Filter>Entities\Characters</Filter>
    </ClCompile>
    <ClCompile Include="Entity.cpp">
      <Filter>Entities</Filter>
    </ClCompile>
    <ClCompile Include="Barrel.cpp">
      <Filter>Entities\LevelElements</Filter>
    </ClCompile>
    <ClCompile Include="Ladder.cpp">
      <Filter>Entities\LevelElements</Filter>
    </ClCompile>
    <ClCompile Include="Platform.cpp">
      <Filter>Entities\LevelElements</Filter>
    </ClCompile>
    <ClCompile Include="GameState.cpp">
      <Filter>ScreenStates</Filter>
    </ClCompile>
    <ClCompile Include="ScreenState.cpp">
      <Filter>ScreenStates</Filter>
    </ClCompile>
    <ClCompile Include="MainMenuState.cpp">
      <Filter>ScreenStates</Filter>
    </ClCompile>
    <ClCompile Include="Donkey.cpp">
      <Filter>Entities\Characters</Filter>
    </ClCompile>
    <ClCompile Include="BarrelSet.cpp">
      <Filter>Entities\LevelElements</Filter>
    </ClCompile>
    <ClCompile Include="Cat.cpp">
      <Filter>Entities\Characters</Filter>
    </ClCompile>
    <ClCompile Include="ScreenText.cpp">
      <Filter>GUI</Filter>
    </ClCompile>
    <ClCompile Include="GuiManager.cpp">
      <Filter>GUI</Filter>
    </ClCompile>
    <ClCompile Include="ScoresState.cpp">
      <Filter>ScreenStates</Filter>
    </ClCompile>
    <ClCompile Include="LevelPickerState.cpp">
      <Filter>ScreenStates</Filter>
    </ClCompile>
    <ClCompile Include="BonusText.cpp">
      <Filter>GUI</Filter>
    </ClCompile>
    <ClCompile Include="BonusTrophy.cpp">
      <Filter>Entities\LevelElements</Filter>
    </ClCompile>
  </ItemGroup>
  <ItemGroup>
    <ClInclude Include="Game.h">
      <Filter>Header Files</Filter>
    </ClInclude>
    <ClInclude Include="stdafx.h">
      <Filter>Header Files</Filter>
    </ClInclude>
    <ClInclude Include="Macros.h">
      <Filter>Header Files</Filter>
    </ClInclude>
    <ClInclude Include="TextureManager.h">
      <Filter>Header Files</Filter>
    </ClInclude>
    <ClInclude Include="AnimationPlayer.h">
      <Filter>Header Files</Filter>
    </ClInclude>
    <ClInclude Include="Player.h">
      <Filter>Entities\Characters</Filter>
    </ClInclude>
    <ClInclude Include="Entity.h">
      <Filter>Entities</Filter>
    </ClInclude>
    <ClInclude Include="Barrel.h">
      <Filter>Entities\LevelElements</Filter>
    </ClInclude>
    <ClInclude Include="Platform.h">
      <Filter>Entities\LevelElements</Filter>
    </ClInclude>
    <ClInclude Include="Ladder.h">
      <Filter>Entities\LevelElements</Filter>
    </ClInclude>
    <ClInclude Include="ScreenState.h">
      <Filter>ScreenStates</Filter>
    </ClInclude>
    <ClInclude Include="MainMenuState.h">
      <Filter>ScreenStates</Filter>
    </ClInclude>
    <ClInclude Include="GameState.h">
      <Filter>ScreenStates</Filter>
    </ClInclude>
    <ClInclude Include="Donkey.h">
      <Filter>Entities\Characters</Filter>
    </ClInclude>
    <ClInclude Include="BarrelSet.h">
      <Filter>Entities\LevelElements</Filter>
    </ClInclude>
    <ClInclude Include="Cat.h">
      <Filter>Entities\Characters</Filter>
    </ClInclude>
    <ClInclude Include="ScreenText.h">
      <Filter>GUI</Filter>
    </ClInclude>
    <ClInclude Include="GuiManager.h">
      <Filter>GUI</Filter>
    </ClInclude>
    <ClInclude Include="ScoresState.h">
      <Filter>ScreenStates</Filter>
    </ClInclude>
    <ClInclude Include="LevelPickerState.h">
      <Filter>ScreenStates</Filter>
    </ClInclude>
    <ClInclude Include="BonusText.h">
      <Filter>GUI</Filter>
    </ClInclude>
    <ClInclude Include="BonusTrophy.h">
      <Filter>Entities\LevelElements</Filter>
    </ClInclude>
  </ItemGroup>
  <ItemGroup>
    <Text Include="dozrobienia.txt">
      <Filter>Header Files</Filter>
    </Text>
  </ItemGroup>
</Project>